
Microsoft Visual Studio Solution File, Format Version 12.00
# Visual Studio Version 16
VisualStudioVersion = 16.0.31424.327
MinimumVisualStudioVersion = 10.0.40219.1
Project("{FAE04EC0-301F-11D3-BF4B-00C04F79EFBC}") = "DayOfTheWeekApp", "DayOfTheWeekApp\DayOfTheWeekApp.csproj", "{6F3D71C7-9F99-41BB-AF1C-71DA85F474C0}"
EndProject
Project("{FAE04EC0-301F-11D3-BF4B-00C04F79EFBC}") = "DayOfTheWeekApp.Core", "DayOfTheWeekApp.Core\DayOfTheWeekApp.Core.csproj", "{404BFE56-3DB7-4694-910F-4ECE8503653D}"
EndProject
Global
	GlobalSection(SolutionConfigurationPlatforms) = preSolution
		Debug|Any CPU = Debug|Any CPU
		Release|Any CPU = Release|Any CPU
	EndGlobalSection
	GlobalSection(ProjectConfigurationPlatforms) = postSolution
		{6F3D71C7-9F99-41BB-AF1C-71DA85F474C0}.Debug|Any CPU.ActiveCfg = Debug|Any CPU
		{6F3D71C7-9F99-41BB-AF1C-71DA85F474C0}.Debug|Any CPU.Build.0 = Debug|Any CPU
		{6F3D71C7-9F99-41BB-AF1C-71DA85F474C0}.Release|Any CPU.ActiveCfg = Release|Any CPU
		{6F3D71C7-9F99-41BB-AF1C-71DA85F474C0}.Release|Any CPU.Build.0 = Release|Any CPU
		{404BFE56-3DB7-4694-910F-4ECE8503653D}.Debug|Any CPU.ActiveCfg = Debug|Any CPU
		{404BFE56-3DB7-4694-910F-4ECE8503653D}.Debug|Any CPU.Build.0 = Debug|Any CPU
		{404BFE56-3DB7-4694-910F-4ECE8503653D}.Release|Any CPU.ActiveCfg = Release|Any CPU
		{404BFE56-3DB7-4694-910F-4ECE8503653D}.Release|Any CPU.Build.0 = Release|Any CPU
	EndGlobalSection
	GlobalSection(SolutionProperties) = preSolution
		HideSolutionNode = FALSE
	EndGlobalSection
	GlobalSection(ExtensibilityGlobals) = postSolution
		SolutionGuid = {075DEA04-0A39-404C-A9AD-BCCC73F6452F}
	EndGlobalSection
EndGlobal
